[[package]]
name = "libc"
version = "0.2.44"
source = "registry+https://github.com/rust-lang/crates.io-index"

[[package]]
name = "lodepng"
version = "2.4.2"
source = "registry+https://github.com/rust-lang/crates.io-index"
dependencies = [
 "libc 0.2.44 (registry+https://github.com/rust-lang/crates.io-index)",
 "rgb 0.8.11 (registry+https://github.com/rust-lang/crates.io-index)",
]

[[package]]
name = "rgb"
version = "0.8.11"
source = "registry+https://github.com/rust-lang/crates.io-index"

[[package]]
name = "theia"
version = "0.0.0"
dependencies = [
 "lodepng 2.4.2 (registry+https://github.com/rust-lang/crates.io-index)",
]

[metadata]
"checksum libc 0.2.44 (registry+https://github.com/rust-lang/crates.io-index)" = "10923947f84a519a45c8fefb7dd1b3e8c08747993381adee176d7a82b4195311"
"checksum lodepng 2.4.2 (registry+https://github.com/rust-lang/crates.io-index)" = "bc9e5c0ae5f457a0981e4be44f5629d9b43a517fde9847b962daacbf29f36bcb"
"checksum rgb 0.8.11 (registry+https://github.com/rust-lang/crates.io-index)" = "002bebda58b24482d6911a59512e8a17fa1defecf5a2162521113b7cc5422dd1"
